
Microsoft Visual Studio Solution File, Format Version 12.00
# Visual Studio Version 16
VisualStudioVersion = 16.0.29403.142
MinimumVisualStudioVersion = 10.0.40219.1
Project("{FAE04EC0-301F-11D3-BF4B-00C04F79EFBC}") = "ZombiesBreakDoors", "ZombiesBreakDoors\ZombiesBreakDoors.csproj", "{395ED1FB-B093-48C3-804B-286078C301C3}"
EndProject
Global
	GlobalSection(SolutionConfigurationPlatforms) = preSolution
		Debug|Any CPU = Debug|Any CPU
		Release|Any CPU = Release|Any CPU
	EndGlobalSection
	GlobalSection(ProjectConfigurationPlatforms) = postSolution
		{395ED1FB-B093-48C3-804B-286078C301C3}.Debug|Any CPU.ActiveCfg = Debug|Any CPU
		{395ED1FB-B093-48C3-804B-286078C301C3}.Debug|Any CPU.Build.0 = Debug|Any CPU
		{395ED1FB-B093-48C3-804B-286078C301C3}.Release|Any CPU.ActiveCfg = Release|Any CPU
		{395ED1FB-B093-48C3-804B-286078C301C3}.Release|Any CPU.Build.0 = Release|Any CPU
	EndGlobalSection
	GlobalSection(SolutionProperties) = preSolution
		HideSolutionNode = FALSE
	EndGlobalSection
	GlobalSection(ExtensibilityGlobals) = postSolution
		SolutionGuid = {C7EFD5B2-4E83-4026-B80E-9EAB8AB6783B}
	EndGlobalSection
EndGlobal
